PODS:
  - Masonry (1.1.0)
  - MJAiSearchSDK (1.2.3)
  - MJRefresh (3.1.15.7)

DEPENDENCIES:
  - Masonry
  - MJAiSearchSDK
  - MJRefresh

SPEC REPOS:
  https://github.com/cocoapods/specs.git:
    - Masonry
    - MJAiSearchSDK
    - MJRefresh

SPEC CHECKSUMS:
  Masonry: 678fab65091a9290e40e2832a55e7ab731aad201
  MJAiSearchSDK: 3092a718ea1ff8e8705af3f2b9e50e4d30e4af08
  MJRefresh: 697f8ec75ebdbe9207767bb682cf0f51b0d8a41f

PODFILE CHECKSUM: ae147acabc13b09466ac17541590102255a7517e

COCOAPODS: 1.6.0.beta.2
