// !$*UTF8*$!
{
	archiveVersion = 1;
	classes = {
	};
	objectVersion = 50;
	objects = {

/* Begin PBXBuildFile section */
		217763E221CA192E004A5419 /* AFURLResponseSerialization.m in Sources */ = {isa = PBXBuildFile; fileRef = 217763D821CA192E004A5419 /* AFURLResponseSerialization.m */; };
		217763E321CA192E004A5419 /* AFHTTPSessionManager.m in Sources */ = {isa = PBXBuildFile; fileRef = 217763D921CA192E004A5419 /* AFHTTPSessionManager.m */; };
		217763E421CA192E004A5419 /* AFURLSessionManager.m in Sources */ = {isa = PBXBuildFile; fileRef = 217763DB21CA192E004A5419 /* AFURLSessionManager.m */; };
		217763E521CA192E004A5419 /* AFURLRequestSerialization.m in Sources */ = {isa = PBXBuildFile; fileRef = 217763DC21CA192E004A5419 /* AFURLRequestSerialization.m */; };
		217763E621CA192E004A5419 /* AFNetworkReachabilityManager.m in Sources */ = {isa = PBXBuildFile; fileRef = 217763DE21CA192E004A5419 /* AFNetworkReachabilityManager.m */; };
		217763E721CA192E004A5419 /* AFSecurityPolicy.m in Sources */ = {isa = PBXBuildFile; fileRef = 217763DF21CA192E004A5419 /* AFSecurityPolicy.m */; };
		217BEA93219091C300622C68 /* AppDelegate.m in Sources */ = {isa = PBXBuildFile; fileRef = 217BEA92219091C300622C68 /* AppDelegate.m */; };
		217BEA99219091C300622C68 /* Main.storyboard in Resources */ = {isa = PBXBuildFile; fileRef = 217BEA97219091C300622C68 /* Main.storyboard */; };
		217BEA9B219091C400622C68 /* Assets.xcassets in Resources */ = {isa = PBXBuildFile; fileRef = 217BEA9A219091C400622C68 /* Assets.xcassets */; };
		217BEA9E219091C400622C68 /* LaunchScreen.storyboard in Resources */ = {isa = PBXBuildFile; fileRef = 217BEA9C219091C400622C68 /* LaunchScreen.storyboard */; };
		217BEAA1219091C400622C68 /* main.m in Sources */ = {isa = PBXBuildFile; fileRef = 217BEAA0219091C400622C68 /* main.m */; };
		274001A3219519DD000343DB /* ViewController.m in Sources */ = {isa = PBXBuildFile; fileRef = 274001A1219519DD000343DB /* ViewController.m */; };
		274C373E2194408700F81469 /* EPCViewController.m in Sources */ = {isa = PBXBuildFile; fileRef = 274C37362194408600F81469 /* EPCViewController.m */; };
		274C37412194408700F81469 /* DrawCircleController.m in Sources */ = {isa = PBXBuildFile; fileRef = 274C373A2194408700F81469 /* DrawCircleController.m */; };
		A6470B3546980DC3C71E5083 /* Pods_MJAiSearchDemo.framework in Frameworks */ = {isa = PBXBuildFile; fileRef = 8701DA3D2BA310A3254220F8 /* Pods_MJAiSearchDemo.framework */; };
/* End PBXBuildFile section */

/* Begin PBXFileReference section */
		217763D421CA192E004A5419 /* AFSecurityPolicy.h */ = {isa = PBXFileReference; fileEncoding = 4; lastKnownFileType = sourcecode.c.h; path = AFSecurityPolicy.h; sourceTree = "<group>"; };
		217763D521CA192E004A5419 /* AFNetworkReachabilityManager.h */ = {isa = PBXFileReference; fileEncoding = 4; lastKnownFileType = sourcecode.c.h; path = AFNetworkReachabilityManager.h; sourceTree = "<group>"; };
		217763D621CA192E004A5419 /* AFURLSessionManager.h */ = {isa = PBXFileReference; fileEncoding = 4; lastKnownFileType = sourcecode.c.h; path = AFURLSessionManager.h; sourceTree = "<group>"; };
		217763D721CA192E004A5419 /* AFURLRequestSerialization.h */ = {isa = PBXFileReference; fileEncoding = 4; lastKnownFileType = sourcecode.c.h; path = AFURLRequestSerialization.h; sourceTree = "<group>"; };
		217763D821CA192E004A5419 /* AFURLResponseSerialization.m */ = {isa = PBXFileReference; fileEncoding = 4; lastKnownFileType = sourcecode.c.objc; path = AFURLResponseSerialization.m; sourceTree = "<group>"; };
		217763D921CA192E004A5419 /* AFHTTPSessionManager.m */ = {isa = PBXFileReference; fileEncoding = 4; lastKnownFileType = sourcecode.c.objc; path = AFHTTPSessionManager.m; sourceTree = "<group>"; };
		217763DA21CA192E004A5419 /* AFURLResponseSerialization.h */ = {isa = PBXFileReference; fileEncoding = 4; lastKnownFileType = sourcecode.c.h; path = AFURLResponseSerialization.h; sourceTree = "<group>"; };
		217763DB21CA192E004A5419 /* AFURLSessionManager.m */ = {isa = PBXFileReference; fileEncoding = 4; lastKnownFileType = sourcecode.c.objc; path = AFURLSessionManager.m; sourceTree = "<group>"; };
		217763DC21CA192E004A5419 /* AFURLRequestSerialization.m */ = {isa = PBXFileReference; fileEncoding = 4; lastKnownFileType = sourcecode.c.objc; path = AFURLRequestSerialization.m; sourceTree = "<group>"; };
		217763DD21CA192E004A5419 /* AFNetworking.h */ = {isa = PBXFileReference; fileEncoding = 4; lastKnownFileType = sourcecode.c.h; path = AFNetworking.h; sourceTree = "<group>"; };
		217763DE21CA192E004A5419 /* AFNetworkReachabilityManager.m */ = {isa = PBXFileReference; fileEncoding = 4; lastKnownFileType = sourcecode.c.objc; path = AFNetworkReachabilityManager.m; sourceTree = "<group>"; };
		217763DF21CA192E004A5419 /* AFSecurityPolicy.m */ = {isa = PBXFileReference; fileEncoding = 4; lastKnownFileType = sourcecode.c.objc; path = AFSecurityPolicy.m; sourceTree = "<group>"; };
		217763E021CA192E004A5419 /* AFCompatibilityMacros.h */ = {isa = PBXFileReference; fileEncoding = 4; lastKnownFileType = sourcecode.c.h; path = AFCompatibilityMacros.h; sourceTree = "<group>"; };
		217763E121CA192E004A5419 /* AFHTTPSessionManager.h */ = {isa = PBXFileReference; fileEncoding = 4; lastKnownFileType = sourcecode.c.h; path = AFHTTPSessionManager.h; sourceTree = "<group>"; };
		217BEA8E219091C300622C68 /* MJAiSearchDemo.app */ = {isa = PBXFileReference; explicitFileType = wrapper.application; includeInIndex = 0; path = MJAiSearchDemo.app; sourceTree = BUILT_PRODUCTS_DIR; };
		217BEA91219091C300622C68 /* AppDelegate.h */ = {isa = PBXFileReference; lastKnownFileType = sourcecode.c.h; path = AppDelegate.h; sourceTree = "<group>"; };
		217BEA92219091C300622C68 /* AppDelegate.m */ = {isa = PBXFileReference; lastKnownFileType = sourcecode.c.objc; path = AppDelegate.m; sourceTree = "<group>"; };
		217BEA98219091C300622C68 /* Base */ = {isa = PBXFileReference; lastKnownFileType = file.storyboard; name = Base; path = Base.lproj/Main.storyboard; sourceTree = "<group>"; };
		217BEA9A219091C400622C68 /* Assets.xcassets */ = {isa = PBXFileReference; lastKnownFileType = folder.assetcatalog; path = Assets.xcassets; sourceTree = "<group>"; };
		217BEA9D219091C400622C68 /* Base */ = {isa = PBXFileReference; lastKnownFileType = file.storyboard; name = Base; path = Base.lproj/LaunchScreen.storyboard; sourceTree = "<group>"; };
		217BEA9F219091C400622C68 /* Info.plist */ = {isa = PBXFileReference; lastKnownFileType = text.plist.xml; path = Info.plist; sourceTree = "<group>"; };
		217BEAA0219091C400622C68 /* main.m */ = {isa = PBXFileReference; lastKnownFileType = sourcecode.c.objc; path = main.m; sourceTree = "<group>"; };
		274001A1219519DD000343DB /* ViewController.m */ = {isa = PBXFileReference; fileEncoding = 4; lastKnownFileType = sourcecode.c.objc; path = ViewController.m; sourceTree = "<group>"; };
		274001A2219519DD000343DB /* ViewController.h */ = {isa = PBXFileReference; fileEncoding = 4; lastKnownFileType = sourcecode.c.h; path = ViewController.h; sourceTree = "<group>"; };
		274C37362194408600F81469 /* EPCViewController.m */ = {isa = PBXFileReference; fileEncoding = 4; lastKnownFileType = sourcecode.c.objc; path = EPCViewController.m; sourceTree = "<group>"; };
		274C373A2194408700F81469 /* DrawCircleController.m */ = {isa = PBXFileReference; fileEncoding = 4; lastKnownFileType = sourcecode.c.objc; path = DrawCircleController.m; sourceTree = "<group>"; };
		274C373B2194408700F81469 /* EPCViewController.h */ = {isa = PBXFileReference; fileEncoding = 4; lastKnownFileType = sourcecode.c.h; path = EPCViewController.h; sourceTree = "<group>"; };
		274C373D2194408700F81469 /* DrawCircleController.h */ = {isa = PBXFileReference; fileEncoding = 4; lastKnownFileType = sourcecode.c.h; path = DrawCircleController.h; sourceTree = "<group>"; };
		6E546D86020370221486EE6D /* Pods-MJAiSearchDemo.debug.xcconfig */ = {isa = PBXFileReference; includeInIndex = 1; lastKnownFileType = text.xcconfig; name = "Pods-MJAiSearchDemo.debug.xcconfig"; path = "Target Support Files/Pods-MJAiSearchDemo/Pods-MJAiSearchDemo.debug.xcconfig"; sourceTree = "<group>"; };
		8701DA3D2BA310A3254220F8 /* Pods_MJAiSearchDemo.framework */ = {isa = PBXFileReference; explicitFileType = wrapper.framework; includeInIndex = 0; path = Pods_MJAiSearchDemo.framework; sourceTree = BUILT_PRODUCTS_DIR; };
		D8F273EE3168F3AFB94ABFC8 /* Pods-MJAiSearchDemo.release.xcconfig */ = {isa = PBXFileReference; includeInIndex = 1; lastKnownFileType = text.xcconfig; name = "Pods-MJAiSearchDemo.release.xcconfig"; path = "Target Support Files/Pods-MJAiSearchDemo/Pods-MJAiSearchDemo.release.xcconfig"; sourceTree = "<group>"; };
/* End PBXFileReference section */

/* Begin PBXFrameworksBuildPhase section */
		217BEA8B219091C300622C68 /* Frameworks */ = {
			isa = PBXFrameworksBuildPhase;
			buildActionMask = 2147483647;
			files = (
				A6470B3546980DC3C71E5083 /* Pods_MJAiSearchDemo.framework in Frameworks */,
			);
			runOnlyForDeploymentPostprocessing = 0;
		};
/* End PBXFrameworksBuildPhase section */

/* Begin PBXGroup section */
		217763D321CA192E004A5419 /* AFNetworking */ = {
			isa = PBXGroup;
			children = (
				217763D421CA192E004A5419 /* AFSecurityPolicy.h */,
				217763D521CA192E004A5419 /* AFNetworkReachabilityManager.h */,
				217763D621CA192E004A5419 /* AFURLSessionManager.h */,
				217763D721CA192E004A5419 /* AFURLRequestSerialization.h */,
				217763D821CA192E004A5419 /* AFURLResponseSerialization.m */,
				217763D921CA192E004A5419 /* AFHTTPSessionManager.m */,
				217763DA21CA192E004A5419 /* AFURLResponseSerialization.h */,
				217763DB21CA192E004A5419 /* AFURLSessionManager.m */,
				217763DC21CA192E004A5419 /* AFURLRequestSerialization.m */,
				217763DD21CA192E004A5419 /* AFNetworking.h */,
				217763DE21CA192E004A5419 /* AFNetworkReachabilityManager.m */,
				217763DF21CA192E004A5419 /* AFSecurityPolicy.m */,
				217763E021CA192E004A5419 /* AFCompatibilityMacros.h */,
				217763E121CA192E004A5419 /* AFHTTPSessionManager.h */,
			);
			path = AFNetworking;
			sourceTree = "<group>";
		};
		217BEA85219091C300622C68 = {
			isa = PBXGroup;
			children = (
				217BEA90219091C300622C68 /* MJAiSearchDemo */,
				217BEA8F219091C300622C68 /* Products */,
				434191C6DCD5C79C373FC6F4 /* Pods */,
				C58B8D564DDC2C1E8D4B8FC9 /* Frameworks */,
			);
			sourceTree = "<group>";
		};
		217BEA8F219091C300622C68 /* Products */ = {
			isa = PBXGroup;
			children = (
				217BEA8E219091C300622C68 /* MJAiSearchDemo.app */,
			);
			name = Products;
			sourceTree = "<group>";
		};
		217BEA90219091C300622C68 /* MJAiSearchDemo */ = {
			isa = PBXGroup;
			children = (
				217763D321CA192E004A5419 /* AFNetworking */,
				274001A2219519DD000343DB /* ViewController.h */,
				274001A1219519DD000343DB /* ViewController.m */,
				274C373D2194408700F81469 /* DrawCircleController.h */,
				274C373A2194408700F81469 /* DrawCircleController.m */,
				274C373B2194408700F81469 /* EPCViewController.h */,
				274C37362194408600F81469 /* EPCViewController.m */,
				217BEA91219091C300622C68 /* AppDelegate.h */,
				217BEA92219091C300622C68 /* AppDelegate.m */,
				217BEA97219091C300622C68 /* Main.storyboard */,
				217BEA9A219091C400622C68 /* Assets.xcassets */,
				217BEA9C219091C400622C68 /* LaunchScreen.storyboard */,
				217BEA9F219091C400622C68 /* Info.plist */,
				217BEAA0219091C400622C68 /* main.m */,
			);
			path = MJAiSearchDemo;
			sourceTree = "<group>";
		};
		434191C6DCD5C79C373FC6F4 /* Pods */ = {
			isa = PBXGroup;
			children = (
				6E546D86020370221486EE6D /* Pods-MJAiSearchDemo.debug.xcconfig */,
				D8F273EE3168F3AFB94ABFC8 /* Pods-MJAiSearchDemo.release.xcconfig */,
			);
			path = Pods;
			sourceTree = "<group>";
		};
		C58B8D564DDC2C1E8D4B8FC9 /* Frameworks */ = {
			isa = PBXGroup;
			children = (
				8701DA3D2BA310A3254220F8 /* Pods_MJAiSearchDemo.framework */,
			);
			name = Frameworks;
			sourceTree = "<group>";
		};
/* End PBXGroup section */

/* Begin PBXNativeTarget section */
		217BEA8D219091C300622C68 /* MJAiSearchDemo */ = {
			isa = PBXNativeTarget;
			buildConfigurationList = 217BEAA4219091C400622C68 /* Build configuration list for PBXNativeTarget "MJAiSearchDemo" */;
			buildPhases = (
				8F77E1EB1F21281D0429269A /* [CP] Check Pods Manifest.lock */,
				217BEA8A219091C300622C68 /* Sources */,
				217BEA8B219091C300622C68 /* Frameworks */,
				217BEA8C219091C300622C68 /* Resources */,
				CCF983F3EE474DF1E65EAD9B /* [CP] Copy Pods Resources */,
				1D4FE795365C0EF16800AD9E /* [CP] Embed Pods Frameworks */,
			);
			buildRules = (
			);
			dependencies = (
			);
			name = MJAiSearchDemo;
			productName = MJAiSearchDemo;
			productReference = 217BEA8E219091C300622C68 /* MJAiSearchDemo.app */;
			productType = "com.apple.product-type.application";
		};
/* End PBXNativeTarget section */

/* Begin PBXProject section */
		217BEA86219091C300622C68 /* Project object */ = {
			isa = PBXProject;
			attributes = {
				LastUpgradeCheck = 1000;
				ORGANIZATIONNAME = "袁兴杨";
				TargetAttributes = {
					217BEA8D219091C300622C68 = {
						CreatedOnToolsVersion = 10.0;
					};
				};
			};
			buildConfigurationList = 217BEA89219091C300622C68 /* Build configuration list for PBXProject "MJAiSearchDemo" */;
			compatibilityVersion = "Xcode 9.3";
			developmentRegion = en;
			hasScannedForEncodings = 0;
			knownRegions = (
				en,
				Base,
			);
			mainGroup = 217BEA85219091C300622C68;
			productRefGroup = 217BEA8F219091C300622C68 /* Products */;
			projectDirPath = "";
			projectRoot = "";
			targets = (
				217BEA8D219091C300622C68 /* MJAiSearchDemo */,
			);
		};
/* End PBXProject section */

/* Begin PBXResourcesBuildPhase section */
		217BEA8C219091C300622C68 /* Resources */ = {
			isa = PBXResourcesBuildPhase;
			buildActionMask = 2147483647;
			files = (
				217BEA9E219091C400622C68 /* LaunchScreen.storyboard in Resources */,
				217BEA9B219091C400622C68 /* Assets.xcassets in Resources */,
				217BEA99219091C300622C68 /* Main.storyboard in Resources */,
			);
			runOnlyForDeploymentPostprocessing = 0;
		};
/* End PBXResourcesBuildPhase section */

/* Begin PBXShellScriptBuildPhase section */
		1D4FE795365C0EF16800AD9E /* [CP] Embed Pods Frameworks */ = {
			isa = PBXShellScriptBuildPhase;
			buildActionMask = 2147483647;
			files = (
			);
			inputFileListPaths = (
			);
			inputPaths = (
				"${PODS_ROOT}/Target Support Files/Pods-MJAiSearchDemo/Pods-MJAiSearchDemo-frameworks.sh",
				"${BUILT_PRODUCTS_DIR}/MJRefresh/MJRefresh.framework",
				"${BUILT_PRODUCTS_DIR}/Masonry/Masonry.framework",
			);
			name = "[CP] Embed Pods Frameworks";
			outputFileListPaths = (
			);
			outputPaths = (
				"${TARGET_BUILD_DIR}/${FRAMEWORKS_FOLDER_PATH}/MJRefresh.framework",
				"${TARGET_BUILD_DIR}/${FRAMEWORKS_FOLDER_PATH}/Masonry.framework",
			);
			runOnlyForDeploymentPostprocessing = 0;
			shellPath = /bin/sh;
			shellScript = "\"${PODS_ROOT}/Target Support Files/Pods-MJAiSearchDemo/Pods-MJAiSearchDemo-frameworks.sh\"\n";
			showEnvVarsInLog = 0;
		};
		8F77E1EB1F21281D0429269A /* [CP] Check Pods Manifest.lock */ = {
			isa = PBXShellScriptBuildPhase;
			buildActionMask = 2147483647;
			files = (
			);
			inputFileListPaths = (
			);
			inputPaths = (
				"${PODS_PODFILE_DIR_PATH}/Podfile.lock",
				"${PODS_ROOT}/Manifest.lock",
			);
			name = "[CP] Check Pods Manifest.lock";
			outputFileListPaths = (
			);
			outputPaths = (
				"$(DERIVED_FILE_DIR)/Pods-MJAiSearchDemo-checkManifestLockResult.txt",
			);
			runOnlyForDeploymentPostprocessing = 0;
			shellPath = /bin/sh;
			shellScript = "diff \"${PODS_PODFILE_DIR_PATH}/Podfile.lock\" \"${PODS_ROOT}/Manifest.lock\" > /dev/null\nif [ $? != 0 ] ; then\n    # print error to STDERR\n    echo \"error: The sandbox is not in sync with the Podfile.lock. Run 'pod install' or update your CocoaPods installation.\" >&2\n    exit 1\nfi\n# This output is used by Xcode 'outputs' to avoid re-running this script phase.\necho \"SUCCESS\" > \"${SCRIPT_OUTPUT_FILE_0}\"\n";
			showEnvVarsInLog = 0;
		};
		CCF983F3EE474DF1E65EAD9B /* [CP] Copy Pods Resources */ = {
			isa = PBXShellScriptBuildPhase;
			buildActionMask = 2147483647;
			files = (
			);
			inputFileListPaths = (
			);
			inputPaths = (
				"${PODS_ROOT}/Target Support Files/Pods-MJAiSearchDemo/Pods-MJAiSearchDemo-resources.sh",
				"${PODS_ROOT}/MJAiSearchSDK/MJResources.bundle",
			);
			name = "[CP] Copy Pods Resources";
			outputFileListPaths = (
			);
			outputPaths = (
				"${TARGET_BUILD_DIR}/${UNLOCALIZED_RESOURCES_FOLDER_PATH}/MJResources.bundle",
			);
			runOnlyForDeploymentPostprocessing = 0;
			shellPath = /bin/sh;
			shellScript = "\"${PODS_ROOT}/Target Support Files/Pods-MJAiSearchDemo/Pods-MJAiSearchDemo-resources.sh\"\n";
			showEnvVarsInLog = 0;
		};
/* End PBXShellScriptBuildPhase section */

/* Begin PBXSourcesBuildPhase section */
		217BEA8A219091C300622C68 /* Sources */ = {
			isa = PBXSourcesBuildPhase;
			buildActionMask = 2147483647;
			files = (
				217763E521CA192E004A5419 /* AFURLRequestSerialization.m in Sources */,
				274001A3219519DD000343DB /* ViewController.m in Sources */,
				217763E621CA192E004A5419 /* AFNetworkReachabilityManager.m in Sources */,
				217763E421CA192E004A5419 /* AFURLSessionManager.m in Sources */,
				274C373E2194408700F81469 /* EPCViewController.m in Sources */,
				274C37412194408700F81469 /* DrawCircleController.m in Sources */,
				217BEAA1219091C400622C68 /* main.m in Sources */,
				217763E221CA192E004A5419 /* AFURLResponseSerialization.m in Sources */,
				217763E321CA192E004A5419 /* AFHTTPSessionManager.m in Sources */,
				217763E721CA192E004A5419 /* AFSecurityPolicy.m in Sources */,
				217BEA93219091C300622C68 /* AppDelegate.m in Sources */,
			);
			runOnlyForDeploymentPostprocessing = 0;
		};
/* End PBXSourcesBuildPhase section */

/* Begin PBXVariantGroup section */
		217BEA97219091C300622C68 /* Main.storyboard */ = {
			isa = PBXVariantGroup;
			children = (
				217BEA98219091C300622C68 /* Base */,
			);
			name = Main.storyboard;
			sourceTree = "<group>";
		};
		217BEA9C219091C400622C68 /* LaunchScreen.storyboard */ = {
			isa = PBXVariantGroup;
			children = (
				217BEA9D219091C400622C68 /* Base */,
			);
			name = LaunchScreen.storyboard;
			sourceTree = "<group>";
		};
/* End PBXVariantGroup section */

/* Begin XCBuildConfiguration section */
		217BEAA2219091C400622C68 /* Debug */ = {
			isa = XCBuildConfiguration;
			buildSettings = {
				ALWAYS_SEARCH_USER_PATHS = NO;
				CLANG_ANALYZER_NONNULL = YES;
				CLANG_ANALYZER_NUMBER_OBJECT_CONVERSION = YES_AGGRESSIVE;
				CLANG_CXX_LANGUAGE_STANDARD = "gnu++14";
				CLANG_CXX_LIBRARY = "libc++";
				CLANG_ENABLE_MODULES = YES;
				CLANG_ENABLE_OBJC_ARC = YES;
				CLANG_ENABLE_OBJC_WEAK = YES;
				CLANG_WARN_BLOCK_CAPTURE_AUTORELEASING = YES;
				CLANG_WARN_BOOL_CONVERSION = YES;
				CLANG_WARN_COMMA = YES;
				CLANG_WARN_CONSTANT_CONVERSION = YES;
				CLANG_WARN_DEPRECATED_OBJC_IMPLEMENTATIONS = YES;
				CLANG_WARN_DIRECT_OBJC_ISA_USAGE = YES_ERROR;
				CLANG_WARN_DOCUMENTATION_COMMENTS = YES;
				CLANG_WARN_EMPTY_BODY = YES;
				CLANG_WARN_ENUM_CONVERSION = YES;
				CLANG_WARN_INFINITE_RECURSION = YES;
				CLANG_WARN_INT_CONVERSION = YES;
				CLANG_WARN_NON_LITERAL_NULL_CONVERSION = YES;
				CLANG_WARN_OBJC_IMPLICIT_RETAIN_SELF = YES;
				CLANG_WARN_OBJC_LITERAL_CONVERSION = YES;
				CLANG_WARN_OBJC_ROOT_CLASS = YES_ERROR;
				CLANG_WARN_RANGE_LOOP_ANALYSIS = YES;
				CLANG_WARN_STRICT_PROTOTYPES = YES;
				CLANG_WARN_SUSPICIOUS_MOVE = YES;
				CLANG_WARN_UNGUARDED_AVAILABILITY = YES_AGGRESSIVE;
				CLANG_WARN_UNREACHABLE_CODE = YES;
				CLANG_WARN__DUPLICATE_METHOD_MATCH = YES;
				CODE_SIGN_IDENTITY = "iPhone Developer";
				COPY_PHASE_STRIP = NO;
				DEBUG_INFORMATION_FORMAT = dwarf;
				ENABLE_STRICT_OBJC_MSGSEND = YES;
				ENABLE_TESTABILITY = YES;
				GCC_C_LANGUAGE_STANDARD = gnu11;
				GCC_DYNAMIC_NO_PIC = NO;
				GCC_NO_COMMON_BLOCKS = YES;
				GCC_OPTIMIZATION_LEVEL = 0;
				GCC_PREPROCESSOR_DEFINITIONS = (
					"DEBUG=1",
					"$(inherited)",
				);
				GCC_WARN_64_TO_32_BIT_CONVERSION = YES;
				GCC_WARN_ABOUT_RETURN_TYPE = YES_ERROR;
				GCC_WARN_UNDECLARED_SELECTOR = YES;
				GCC_WARN_UNINITIALIZED_AUTOS = YES_AGGRESSIVE;
				GCC_WARN_UNUSED_FUNCTION = YES;
				GCC_WARN_UNUSED_VARIABLE = YES;
				IPHONEOS_DEPLOYMENT_TARGET = 12.0;
				MTL_ENABLE_DEBUG_INFO = INCLUDE_SOURCE;
				MTL_FAST_MATH = YES;
				ONLY_ACTIVE_ARCH = YES;
				SDKROOT = iphoneos;
			};
			name = Debug;
		};
		217BEAA3219091C400622C68 /* Release */ = {
			isa = XCBuildConfiguration;
			buildSettings = {
				ALWAYS_SEARCH_USER_PATHS = NO;
				CLANG_ANALYZER_NONNULL = YES;
				CLANG_ANALYZER_NUMBER_OBJECT_CONVERSION = YES_AGGRESSIVE;
				CLANG_CXX_LANGUAGE_STANDARD = "gnu++14";
				CLANG_CXX_LIBRARY = "libc++";
				CLANG_ENABLE_MODULES = YES;
				CLANG_ENABLE_OBJC_ARC = YES;
				CLANG_ENABLE_OBJC_WEAK = YES;
				CLANG_WARN_BLOCK_CAPTURE_AUTORELEASING = YES;
				CLANG_WARN_BOOL_CONVERSION = YES;
				CLANG_WARN_COMMA = YES;
				CLANG_WARN_CONSTANT_CONVERSION = YES;
				CLANG_WARN_DEPRECATED_OBJC_IMPLEMENTATIONS = YES;
				CLANG_WARN_DIRECT_OBJC_ISA_USAGE = YES_ERROR;
				CLANG_WARN_DOCUMENTATION_COMMENTS = YES;
				CLANG_WARN_EMPTY_BODY = YES;
				CLANG_WARN_ENUM_CONVERSION = YES;
				CLANG_WARN_INFINITE_RECURSION = YES;
				CLANG_WARN_INT_CONVERSION = YES;
				CLANG_WARN_NON_LITERAL_NULL_CONVERSION = YES;
				CLANG_WARN_OBJC_IMPLICIT_RETAIN_SELF = YES;
				CLANG_WARN_OBJC_LITERAL_CONVERSION = YES;
				CLANG_WARN_OBJC_ROOT_CLASS = YES_ERROR;
				CLANG_WARN_RANGE_LOOP_ANALYSIS = YES;
				CLANG_WARN_STRICT_PROTOTYPES = YES;
				CLANG_WARN_SUSPICIOUS_MOVE = YES;
				CLANG_WARN_UNGUARDED_AVAILABILITY = YES_AGGRESSIVE;
				CLANG_WARN_UNREACHABLE_CODE = YES;
				CLANG_WARN__DUPLICATE_METHOD_MATCH = YES;
				CODE_SIGN_IDENTITY = "iPhone Developer";
				COPY_PHASE_STRIP = NO;
				DEBUG_INFORMATION_FORMAT = "dwarf-with-dsym";
				ENABLE_NS_ASSERTIONS = NO;
				ENABLE_STRICT_OBJC_MSGSEND = YES;
				GCC_C_LANGUAGE_STANDARD = gnu11;
				GCC_NO_COMMON_BLOCKS = YES;
				GCC_WARN_64_TO_32_BIT_CONVERSION = YES;
				GCC_WARN_ABOUT_RETURN_TYPE = YES_ERROR;
				GCC_WARN_UNDECLARED_SELECTOR = YES;
				GCC_WARN_UNINITIALIZED_AUTOS = YES_AGGRESSIVE;
				GCC_WARN_UNUSED_FUNCTION = YES;
				GCC_WARN_UNUSED_VARIABLE = YES;
				IPHONEOS_DEPLOYMENT_TARGET = 12.0;
				MTL_ENABLE_DEBUG_INFO = NO;
				MTL_FAST_MATH = YES;
				SDKROOT = iphoneos;
				VALIDATE_PRODUCT = YES;
			};
			name = Release;
		};
		217BEAA5219091C400622C68 /* Debug */ = {
			isa = XCBuildConfiguration;
			baseConfigurationReference = 6E546D86020370221486EE6D /* Pods-MJAiSearchDemo.debug.xcconfig */;
			buildSettings = {
				ASSETCATALOG_COMPILER_APPICON_NAME = AppIcon;
				CODE_SIGN_STYLE = Automatic;
				DEVELOPMENT_TEAM = J9VW8FSHS8;
				ENABLE_BITCODE = NO;
				INFOPLIST_FILE = MJAiSearchDemo/Info.plist;
				IPHONEOS_DEPLOYMENT_TARGET = 11;
				LD_RUNPATH_SEARCH_PATHS = (
					"$(inherited)",
					"@executable_path/Frameworks",
				);
				PRODUCT_BUNDLE_IDENTIFIER = com.;
				PRODUCT_NAME = "$(TARGET_NAME)";
				TARGETED_DEVICE_FAMILY = "1,2";
			};
			name = Debug;
		};
		217BEAA6219091C400622C68 /* Release */ = {
			isa = XCBuildConfiguration;
			baseConfigurationReference = D8F273EE3168F3AFB94ABFC8 /* Pods-MJAiSearchDemo.release.xcconfig */;
			buildSettings = {
				ASSETCATALOG_COMPILER_APPICON_NAME = AppIcon;
				CODE_SIGN_STYLE = Automatic;
				DEVELOPMENT_TEAM = J9VW8FSHS8;
				ENABLE_BITCODE = NO;
				INFOPLIST_FILE = MJAiSearchDemo/Info.plist;
				IPHONEOS_DEPLOYMENT_TARGET = 11;
				LD_RUNPATH_SEARCH_PATHS = (
					"$(inherited)",
					"@executable_path/Frameworks",
				);
				PRODUCT_BUNDLE_IDENTIFIER = com.;
				PRODUCT_NAME = "$(TARGET_NAME)";
				TARGETED_DEVICE_FAMILY = "1,2";
			};
			name = Release;
		};
/* End XCBuildConfiguration section */

/* Begin XCConfigurationList section */
		217BEA89219091C300622C68 /* Build configuration list for PBXProject "MJAiSearchDemo" */ = {
			isa = XCConfigurationList;
			buildConfigurations = (
				217BEAA2219091C400622C68 /* Debug */,
				217BEAA3219091C400622C68 /* Release */,
			);
			defaultConfigurationIsVisible = 0;
			defaultConfigurationName = Release;
		};
		217BEAA4219091C400622C68 /* Build configuration list for PBXNativeTarget "MJAiSearchDemo" */ = {
			isa = XCConfigurationList;
			buildConfigurations = (
				217BEAA5219091C400622C68 /* Debug */,
				217BEAA6219091C400622C68 /* Release */,
			);
			defaultConfigurationIsVisible = 0;
			defaultConfigurationName = Release;
		};
/* End XCConfigurationList section */
	};
	rootObject = 217BEA86219091C300622C68 /* Project object */;
}
